
Microsoft Visual Studio Solution File, Format Version 12.00
# Visual Studio 15
VisualStudioVersion = 15.0.28307.1259
MinimumVisualStudioVersion = 10.0.40219.1
Project("{FAE04EC0-301F-11D3-BF4B-00C04F79EFBC}") = "WFormApp9", "WFormApp9\WFormApp9.csproj", "{A70159A3-104E-4B1C-A330-83E4BD21D8D7}"
EndProject
Global
	GlobalSection(SolutionConfigurationPlatforms) = preSolution
		Debug|Any CPU = Debug|Any CPU
		Release|Any CPU = Release|Any CPU
	EndGlobalSection
	GlobalSection(ProjectConfigurationPlatforms) = postSolution
		{A70159A3-104E-4B1C-A330-83E4BD21D8D7}.Debug|Any CPU.ActiveCfg = Debug|Any CPU
		{A70159A3-104E-4B1C-A330-83E4BD21D8D7}.Debug|Any CPU.Build.0 = Debug|Any CPU
		{A70159A3-104E-4B1C-A330-83E4BD21D8D7}.Release|Any CPU.ActiveCfg = Release|Any CPU
		{A70159A3-104E-4B1C-A330-83E4BD21D8D7}.Release|Any CPU.Build.0 = Release|Any CPU
	EndGlobalSection
	GlobalSection(SolutionProperties) = preSolution
		HideSolutionNode = FALSE
	EndGlobalSection
	GlobalSection(ExtensibilityGlobals) = postSolution
		SolutionGuid = {04407E88-547F-4E55-92E2-465F1C10A5D8}
	EndGlobalSection
EndGlobal
